
Microsoft Visual Studio Solution File, Format Version 12.00
# Visual Studio Version 17
VisualStudioVersion = 17.11.35219.272
MinimumVisualStudioVersion = 10.0.40219.1
Project("{FAE04EC0-301F-11D3-BF4B-00C04F79EFBC}") = "CyberedgeImage", "CyberedgeImage.csproj", "{B2827AB6-76DC-490B-B3B0-C2407EF37959}"
EndProject
Global
	GlobalSection(SolutionConfigurationPlatforms) = preSolution
		Debug|Any CPU = Debug|Any CPU
		Release|Any CPU = Release|Any CPU
	EndGlobalSection
	GlobalSection(ProjectConfigurationPlatforms) = postSolution
		{B2827AB6-76DC-490B-B3B0-C2407EF37959}.Debug|Any CPU.ActiveCfg = Debug|Any CPU
		{B2827AB6-76DC-490B-B3B0-C2407EF37959}.Debug|Any CPU.Build.0 = Debug|Any CPU
		{B2827AB6-76DC-490B-B3B0-C2407EF37959}.Release|Any CPU.ActiveCfg = Release|Any CPU
		{B2827AB6-76DC-490B-B3B0-C2407EF37959}.Release|Any CPU.Build.0 = Release|Any CPU
	EndGlobalSection
	GlobalSection(SolutionProperties) = preSolution
		HideSolutionNode = FALSE
	EndGlobalSection
	GlobalSection(ExtensibilityGlobals) = postSolution
		SolutionGuid = {345E7FC1-6051-41EB-9BFD-207FDFC2AA78}
	EndGlobalSection
EndGlobal
